
Microsoft Visual Studio Solution File, Format Version 12.00
# Visual Studio Version 17
VisualStudioVersion = 17.10.34916.146
MinimumVisualStudioVersion = 10.0.40219.1
Project("{FAE04EC0-301F-11D3-BF4B-00C04F79EFBC}") = "SM_API", "SM_API\SM_API.csproj", "{EB18FFE3-63FA-4CD1-A779-66DABA1DF8AA}"
EndProject
Global
	GlobalSection(SolutionConfigurationPlatforms) = preSolution
		Debug|Any CPU = Debug|Any CPU
		Release|Any CPU = Release|Any CPU
	EndGlobalSection
	GlobalSection(ProjectConfigurationPlatforms) = postSolution
		{EB18FFE3-63FA-4CD1-A779-66DABA1DF8AA}.Debug|Any CPU.ActiveCfg = Debug|Any CPU
		{EB18FFE3-63FA-4CD1-A779-66DABA1DF8AA}.Debug|Any CPU.Build.0 = Debug|Any CPU
		{EB18FFE3-63FA-4CD1-A779-66DABA1DF8AA}.Release|Any CPU.ActiveCfg = Release|Any CPU
		{EB18FFE3-63FA-4CD1-A779-66DABA1DF8AA}.Release|Any CPU.Build.0 = Release|Any CPU
	EndGlobalSection
	GlobalSection(SolutionProperties) = preSolution
		HideSolutionNode = FALSE
	EndGlobalSection
	GlobalSection(ExtensibilityGlobals) = postSolution
		SolutionGuid = {49F1E911-0620-4F5C-8D28-A52D550139AA}
	EndGlobalSection
EndGlobal
